
Microsoft Visual Studio Solution File, Format Version 12.00
# Visual Studio Version 17
VisualStudioVersion = 17.4.33403.182
MinimumVisualStudioVersion = 10.0.40219.1
Project("{888888A0-9F3D-457C-B088-3A5042F75D52}") = "myPyTest", "myPyTest.pyproj", "{0342A4F0-C26F-42B4-8200-1FB4DB122533}"
EndProject
Global
	GlobalSection(SolutionConfigurationPlatforms) = preSolution
		Debug|Any CPU = Debug|Any CPU
		Release|Any CPU = Release|Any CPU
	EndGlobalSection
	GlobalSection(ProjectConfigurationPlatforms) = postSolution
		{0342A4F0-C26F-42B4-8200-1FB4DB122533}.Debug|Any CPU.ActiveCfg = Debug|Any CPU
		{0342A4F0-C26F-42B4-8200-1FB4DB122533}.Release|Any CPU.ActiveCfg = Release|Any CPU
	EndGlobalSection
	GlobalSection(SolutionProperties) = preSolution
		HideSolutionNode = FALSE
	EndGlobalSection
	GlobalSection(ExtensibilityGlobals) = postSolution
		SolutionGuid = {4463FB6D-DF0E-41C1-853C-162C4770A7DA}
	EndGlobalSection
EndGlobal
